{
    "_meta": {
        "hash": {
            "sha256": "be07c9c145bec938b9c14e48069ae4191a7a2f76064f6c238d082235e9edbcd0"
        },
        "pipfile-spec": 6,
        "requires": {
            "python_version": "3.6"
        },
        "sources": [
            {
                "name": "pypi",
                "url": "https://pypi.org/simple",
                "verify_ssl": true
            }
        ]
    },
    "default": {
        "crosswalk": {
            "editable": true,
            "path": "./.."
        },
        "django": {
            "hashes": [
                "sha256:7c3543e4fb070d14e10926189a7fcf42ba919263b7473dceaefce34d54e8a119",
                "sha256:a2814bffd1f007805b19194eb0b9a331933b82bd5da1c3ba3d7b7ba16e06dc4b"
            ],
            "index": "pypi",
            "version": "==2.2"
        },
        "django-filter": {
            "hashes": [
                "sha256:84e9d5bb93f237e451db814ed422a3a625751cbc9968b484ecc74964a8696b06",
                "sha256:e00d32cebdb3d54273c48f4f878f898dced8d5dfaad009438fe61ebdf535ace1"
            ],
            "version": "==2.4.0"
        },
        "django-rest-framework": {
            "hashes": [
                "sha256:47a8f496fa69e3b6bd79f68dd7a1527d907d6b77f009e9db7cf9bb21cc565e4a"
            ],
            "index": "pypi",
            "version": "==0.1.0"
        },
        "django-uuslug": {
            "hashes": [
                "sha256:bf0872618acc61f7ace65b96ae71d63f347595c8b990942834f1ba9448af19ec"
            ],
            "version": "==1.2.0"
        },
        "djangorestframework": {
            "hashes": [
                "sha256:5cc724dc4b076463497837269107e1995b1fbc917468d1b92d188fd1af9ea789",
                "sha256:a5967b68a04e0d97d10f4df228e30f5a2d82ba63b9d03e1759f84993b7bf1b53"
            ],
            "index": "pypi",
            "version": "==3.11.2"
        },
        "fuzzywuzzy": {
            "hashes": [
                "sha256:45016e92264780e58972dca1b3d939ac864b78437422beecebb3095f8efd00e8",
                "sha256:928244b28db720d1e0ee7587acf660ea49d7e4c632569cad4f1cd7e68a5f0993"
            ],
            "version": "==0.18.0"
        },
        "psycopg2-binary": {
            "hashes": [
                "sha256:0c8cb1b93e25eaf1dfedbcb4cee4ce3860035ce216b71590bda5f8dc99128526",
                "sha256:1c2eeb074d2be404f22a14c4c71eeaa1a855c940abedf6f726158348e9c83dd6",
                "sha256:1d879395a5d0dfe191dcfc622dce8b0a5e4fb76d089c903f18a4913e5fbc79c7",
                "sha256:20d47c61bc9d6a431039f6ceb3b9a34a952a1562cf718054f64c524526fb8ed8",
                "sha256:39fc9323f065361b99fca7758ac723d7e66bbc7e6ec9c90e398857af0ef61404",
                "sha256:3c5b7579f3075f19b0b54495d28105049d44564d67b817eef2fa561b2bcf532b",
                "sha256:3f811db92e30ea2412dfba8e64b18102017646969b5f436138d7b2b38a0e8966",
                "sha256:41d60c8610a70b6666641b662379ef3b847ad2acd38303d4c8e34efd0f782403",
                "sha256:45979c708536a3132398863579280657c6bc77e9b9be8b05ba0dae9013b5a0a8",
                "sha256:4aaa54574b52b85223d3d950b2fc77bd672e6fbb324bb99f834eacbedc4545f7",
                "sha256:50647aa5f7171153a5f7fa667f99f55468b9b663b997927e4d2e83955b21aa9f",
                "sha256:528175ab1f12131bb5ea0df64fc524a4c6c51c197dc68d2a9e646029890d4d0f",
                "sha256:5cbb49cc1c3c4c69ba09a7e18452bd44371b6adad0c9636f117a7554660af529",
                "sha256:6e2f69635b548147e9b9298f5b67155d212f742683e51d78d24ceec4a3f5464d",
                "sha256:7994d43431f1b9eba5daa1bdb8f626482cf01e379c00967092c6ebb3e4d3235f",
                "sha256:86ec556a75f7e0124581100f2c4c8f9c8d67fc6254af4ce500633a77a4ca3207",
                "sha256:9c32635fca3c250f5a3d2e424819419cd4a0f277c1a383b20fdd95e799d1da7c",
                "sha256:9e19396065fdbbbc7c0b288a4e70694e1e63593388020fdb86076b12c315bda5",
                "sha256:a9e7606233fa6c559491758cb319fab6cec25d931cdb5db670c434dde44ab56b",
                "sha256:c914312ad7c923ac154821fbd591e8482ab03cdb190e14b05e30bf856f69e98c",
                "sha256:d354ebb06f851f5f2cbc675bbb1369f71091aec6a894986d68341cbca59e7e56",
                "sha256:d35a25989112c07a994070f1b3c711b19a14209c7608802eced3bcbf07c375bb",
                "sha256:d71c128151c2d93fab36d7273b6a6696a63e0aa03ba3f7b1b0abb862c2344765",
                "sha256:d77e4cbecc30f3a8406873c83075c5dae9dcd2ba1c0ffb088edd29372d3df84c",
                "sha256:dd0b68d212d0992e2a906c6c34a1ef3f82b3dba74ff99744c77f390ffecb0cca",
                "sha256:f0f97d3e0ab12456733687fc99d05e4de67f12d48a57c3baf1f5a1c6cd76c876",
                "sha256:f7b72646a5a50aed8535d8cd2d7e915238f389c181d20143f67c2c6527ca5d0e",
                "sha256:fd06663aa38b2b7b1f71017329545e17f2a583b127de4eeaabdc4cb16cf3a942"
            ],
            "index": "pypi",
            "version": "==2.8"
        },
        "python-levenshtein": {
            "hashes": [
                "sha256:dc2395fbd148a1ab31090dd113c366695934b9e85fe5a4b2a032745efd0346f6"
            ],
            "version": "==0.12.2"
        },
        "python-slugify": {
            "hashes": [
                "sha256:69a517766e00c1268e5bbfc0d010a0a8508de0b18d30ad5a1ff357f8ae724270"
            ],
            "version": "==4.0.1"
        },
        "pytz": {
            "hashes": [
                "sha256:83a4a90894bf38e243cf052c8b58f381bfe9a7a483f6a9cab140bc7f702ac4da",
                "sha256:eb10ce3e7736052ed3623d49975ce333bcd712c7bb19a58b9e2089d4057d0798"
            ],
            "version": "==2021.1"
        },
        "sqlparse": {
            "hashes": [
                "sha256:017cde379adbd6a1f15a61873f43e8274179378e95ef3fede90b5aa64d304ed0",
                "sha256:0f91fd2e829c44362cbcfab3e9ae12e22badaa8a29ad5ff599f9ec109f0454e8"
            ],
            "version": "==0.4.1"
        },
        "text-unidecode": {
            "hashes": [
                "sha256:1311f10e8b895935241623731c2ba64f4c455287888b18189350b67134a822e8",
                "sha256:bad6603bb14d279193107714b288be206cac565dfa49aa5b105294dd5c4aab93"
            ],
            "version": "==1.3"
        }
    },
    "develop": {
        "flake8": {
            "hashes": [
                "sha256:12d05ab02614b6aee8df7c36b97d1a3b2372761222b19b58621355e82acddcff",
                "sha256:78873e372b12b093da7b5e5ed302e8ad9e988b38b063b61ad937f26ca58fc5f0"
            ],
            "index": "pypi",
            "version": "==3.9.0"
        },
        "importlib-metadata": {
            "hashes": [
                "sha256:742add720a20d0467df2f444ae41704000f50e1234f46174b51f9c6031a1bd71",
                "sha256:b74159469b464a99cb8cc3e21973e4d96e05d3024d337313fedb618a6e86e6f4"
            ],
            "markers": "python_version < '3.8'",
            "version": "==3.7.3"
        },
        "mccabe": {
            "hashes": [
                "sha256:ab8a6258860da4b6677da4bd2fe5dc2c659cff31b3ee4f7f5d64e79735b80d42",
                "sha256:dd8d182285a0fe56bace7f45b5e7d1a6ebcbf524e8f3bd87eb0f125271b8831f"
            ],
            "version": "==0.6.1"
        },
        "pycodestyle": {
            "hashes": [
                "sha256:514f76d918fcc0b55c6680472f0a37970994e07bbb80725808c17089be302068",
                "sha256:c389c1d06bf7904078ca03399a4816f974a1d590090fecea0c63ec26ebaf1cef"
            ],
            "version": "==2.7.0"
        },
        "pyflakes": {
            "hashes": [
                "sha256:910208209dcea632721cb58363d0f72913d9e8cf64dc6f8ae2e02a3609aba40d",
                "sha256:e59fd8e750e588358f1b8885e5a4751203a0516e0ee6d34811089ac294c8806f"
            ],
            "version": "==2.3.0"
        },
        "typing-extensions": {
            "hashes": [
                "sha256:7cb407020f00f7bfc3cb3e7881628838e69d8f3fcab2f64742a5e76b2f841918",
                "sha256:99d4073b617d30288f569d3f13d2bd7548c3a7e4c8de87db09a9d29bb3a4a60c",
                "sha256:dafc7639cde7f1b6e1acc0f457842a83e722ccca8eef5270af2d74792619a89f"
            ],
            "markers": "python_version < '3.8'",
            "version": "==3.7.4.3"
        },
        "zipp": {
            "hashes": [
                "sha256:3607921face881ba3e026887d8150cca609d517579abe052ac81fc5aeffdbd76",
                "sha256:51cb66cc54621609dd593d1787f286ee42a5c0adbb4b29abea5a63edc3e03098"
            ],
            "version": "==3.4.1"
        }
    }
}
