{
    "_meta": {
        "hash": {
            "sha256": "be07c9c145bec938b9c14e48069ae4191a7a2f76064f6c238d082235e9edbcd0"
        },
        "pipfile-spec": 6,
        "requires": {
            "python_version": "3.6"
        },
        "sources": [
            {
                "name": "pypi",
                "url": "https://pypi.org/simple",
                "verify_ssl": true
            }
        ]
    },
    "default": {
        "crosswalk": {
            "editable": true,
            "path": "./.."
        },
        "django": {
            "hashes": [
                "sha256:0200b657afbf1bc08003845ddda053c7641b9b24951e52acd51f6abda33a7413",
                "sha256:365429d07c1336eb42ba15aa79f45e1c13a0b04d5c21569e7d596696418a6a45"
            ],
            "index": "pypi",
            "version": "==2.2.28"
        },
        "django-filter": {
            "hashes": [
                "sha256:632a251fa8f1aadb4b8cceff932bb52fe2f826dd7dfe7f3eac40e5c463d6836e",
                "sha256:f4a6737a30104c98d2e2a5fb93043f36dd7978e0c7ddc92f5998e85433ea5063"
            ],
            "markers": "python_version >= '3.6'",
            "version": "==21.1"
        },
        "django-rest-framework": {
            "hashes": [
                "sha256:47a8f496fa69e3b6bd79f68dd7a1527d907d6b77f009e9db7cf9bb21cc565e4a"
            ],
            "index": "pypi",
            "version": "==0.1.0"
        },
        "django-uuslug": {
            "hashes": [
                "sha256:047e713eeddecf11a674d4cd27ac72407f85ef13196856ba8dfeb4d691d521d4",
                "sha256:5029077e9682db81a9f847cec9dc33c07f2e455e31f98931869e6220ca65a3e9"
            ],
            "markers": "python_version >= '2.7' and python_version not in '3.0, 3.1, 3.2, 3.3, 3.4, 3.5'",
            "version": "==2.0.0"
        },
        "djangorestframework": {
            "hashes": [
                "sha256:0c33407ce23acc68eca2a6e46424b008c9c02eceb8cf18581921d0092bc1f2ee",
                "sha256:24c4bf58ed7e85d1fe4ba250ab2da926d263cd57d64b03e8dcef0ac683f8b1aa"
            ],
            "markers": "python_version >= '3.6'",
            "version": "==3.13.1"
        },
        "fuzzywuzzy": {
            "hashes": [
                "sha256:45016e92264780e58972dca1b3d939ac864b78437422beecebb3095f8efd00e8",
                "sha256:928244b28db720d1e0ee7587acf660ea49d7e4c632569cad4f1cd7e68a5f0993"
            ],
            "version": "==0.18.0"
        },
        "psycopg2-binary": {
            "hashes": [
                "sha256:0c8cb1b93e25eaf1dfedbcb4cee4ce3860035ce216b71590bda5f8dc99128526",
                "sha256:1c2eeb074d2be404f22a14c4c71eeaa1a855c940abedf6f726158348e9c83dd6",
                "sha256:1d879395a5d0dfe191dcfc622dce8b0a5e4fb76d089c903f18a4913e5fbc79c7",
                "sha256:20d47c61bc9d6a431039f6ceb3b9a34a952a1562cf718054f64c524526fb8ed8",
                "sha256:39fc9323f065361b99fca7758ac723d7e66bbc7e6ec9c90e398857af0ef61404",
                "sha256:3c5b7579f3075f19b0b54495d28105049d44564d67b817eef2fa561b2bcf532b",
                "sha256:3f811db92e30ea2412dfba8e64b18102017646969b5f436138d7b2b38a0e8966",
                "sha256:41d60c8610a70b6666641b662379ef3b847ad2acd38303d4c8e34efd0f782403",
                "sha256:45979c708536a3132398863579280657c6bc77e9b9be8b05ba0dae9013b5a0a8",
                "sha256:4aaa54574b52b85223d3d950b2fc77bd672e6fbb324bb99f834eacbedc4545f7",
                "sha256:50647aa5f7171153a5f7fa667f99f55468b9b663b997927e4d2e83955b21aa9f",
                "sha256:528175ab1f12131bb5ea0df64fc524a4c6c51c197dc68d2a9e646029890d4d0f",
                "sha256:5cbb49cc1c3c4c69ba09a7e18452bd44371b6adad0c9636f117a7554660af529",
                "sha256:6e2f69635b548147e9b9298f5b67155d212f742683e51d78d24ceec4a3f5464d",
                "sha256:7994d43431f1b9eba5daa1bdb8f626482cf01e379c00967092c6ebb3e4d3235f",
                "sha256:86ec556a75f7e0124581100f2c4c8f9c8d67fc6254af4ce500633a77a4ca3207",
                "sha256:9c32635fca3c250f5a3d2e424819419cd4a0f277c1a383b20fdd95e799d1da7c",
                "sha256:9e19396065fdbbbc7c0b288a4e70694e1e63593388020fdb86076b12c315bda5",
                "sha256:a9e7606233fa6c559491758cb319fab6cec25d931cdb5db670c434dde44ab56b",
                "sha256:c914312ad7c923ac154821fbd591e8482ab03cdb190e14b05e30bf856f69e98c",
                "sha256:d354ebb06f851f5f2cbc675bbb1369f71091aec6a894986d68341cbca59e7e56",
                "sha256:d35a25989112c07a994070f1b3c711b19a14209c7608802eced3bcbf07c375bb",
                "sha256:d71c128151c2d93fab36d7273b6a6696a63e0aa03ba3f7b1b0abb862c2344765",
                "sha256:d77e4cbecc30f3a8406873c83075c5dae9dcd2ba1c0ffb088edd29372d3df84c",
                "sha256:dd0b68d212d0992e2a906c6c34a1ef3f82b3dba74ff99744c77f390ffecb0cca",
                "sha256:f0f97d3e0ab12456733687fc99d05e4de67f12d48a57c3baf1f5a1c6cd76c876",
                "sha256:f7b72646a5a50aed8535d8cd2d7e915238f389c181d20143f67c2c6527ca5d0e",
                "sha256:fd06663aa38b2b7b1f71017329545e17f2a583b127de4eeaabdc4cb16cf3a942"
            ],
            "index": "pypi",
            "version": "==2.8"
        },
        "python-levenshtein": {
            "hashes": [
                "sha256:dc2395fbd148a1ab31090dd113c366695934b9e85fe5a4b2a032745efd0346f6"
            ],
            "version": "==0.12.2"
        },
        "python-slugify": {
            "hashes": [
                "sha256:00003397f4e31414e922ce567b3a4da28cf1436a53d332c9aeeb51c7d8c469fd",
                "sha256:8c0016b2d74503eb64761821612d58fcfc729493634b1eb0575d8f5b4aa1fbcf"
            ],
            "markers": "python_version >= '2.7' and python_version not in '3.0, 3.1, 3.2, 3.3, 3.4, 3.5'",
            "version": "==6.1.1"
        },
        "pytz": {
            "hashes": [
                "sha256:1e760e2fe6a8163bc0b3d9a19c4f84342afa0a2affebfaa84b01b978a02ecaa7",
                "sha256:e68985985296d9a66a881eb3193b0906246245294a881e7c8afe623866ac6a5c"
            ],
            "version": "==2022.1"
        },
        "sanitized-package": {
            "editable": true,
            "path": "./.."
        },
        "setuptools": {
            "hashes": [
                "sha256:22c7348c6d2976a52632c67f7ab0cdf40147db7789f9aed18734643fe9cf3373",
                "sha256:4ce92f1e1f8f01233ee9952c04f6b81d1e02939d6e1b488428154974a4d0783e"
            ],
            "markers": "python_version >= '3.6'",
            "version": "==59.6.0"
        },
        "sqlparse": {
            "hashes": [
                "sha256:0c00730c74263a94e5a9919ade150dfc3b19c574389985446148402998287dae",
                "sha256:48719e356bb8b42991bdbb1e8b83223757b93789c00910a616a071910ca4a64d"
            ],
            "markers": "python_version >= '3.5'",
            "version": "==0.4.2"
        },
        "text-unidecode": {
            "hashes": [
                "sha256:1311f10e8b895935241623731c2ba64f4c455287888b18189350b67134a822e8",
                "sha256:bad6603bb14d279193107714b288be206cac565dfa49aa5b105294dd5c4aab93"
            ],
            "version": "==1.3"
        }
    },
    "develop": {
        "flake8": {
            "hashes": [
                "sha256:479b1304f72536a55948cb40a32dce8bb0ffe3501e26eaf292c7e60eb5e0428d",
                "sha256:806e034dda44114815e23c16ef92f95c91e4c71100ff52813adf7132a6ad870d"
            ],
            "index": "pypi",
            "version": "==4.0.1"
        },
        "importlib-metadata": {
            "hashes": [
                "sha256:057e92c15bc8d9e8109738a48db0ccb31b4d9d5cfbee5a8670879a30be66304b",
                "sha256:b7e52a1f8dec14a75ea73e0891f3060099ca1d8e6a462a4dff11c3e119ea1b31"
            ],
            "markers": "python_version < '3.8'",
            "version": "==4.2.0"
        },
        "mccabe": {
            "hashes": [
                "sha256:ab8a6258860da4b6677da4bd2fe5dc2c659cff31b3ee4f7f5d64e79735b80d42",
                "sha256:dd8d182285a0fe56bace7f45b5e7d1a6ebcbf524e8f3bd87eb0f125271b8831f"
            ],
            "version": "==0.6.1"
        },
        "pycodestyle": {
            "hashes": [
                "sha256:720f8b39dde8b293825e7ff02c475f3077124006db4f440dcbc9a20b76548a20",
                "sha256:eddd5847ef438ea1c7870ca7eb78a9d47ce0cdb4851a5523949f2601d0cbbe7f"
            ],
            "markers": "python_version >= '2.7' and python_version not in '3.0, 3.1, 3.2, 3.3, 3.4'",
            "version": "==2.8.0"
        },
        "pyflakes": {
            "hashes": [
                "sha256:05a85c2872edf37a4ed30b0cce2f6093e1d0581f8c19d7393122da7e25b2b24c",
                "sha256:3bb3a3f256f4b7968c9c788781e4ff07dce46bdf12339dcda61053375426ee2e"
            ],
            "markers": "python_version >= '2.7' and python_version not in '3.0, 3.1, 3.2, 3.3'",
            "version": "==2.4.0"
        },
        "typing-extensions": {
            "hashes": [
                "sha256:1a9462dcc3347a79b1f1c0271fbe79e844580bb598bafa1ed208b94da3cdcd42",
                "sha256:21c85e0fe4b9a155d0799430b0ad741cdce7e359660ccbd8b530613e8df88ce2"
            ],
            "markers": "python_version < '3.8'",
            "version": "==4.1.1"
        },
        "zipp": {
            "hashes": [
                "sha256:71c644c5369f4a6e07636f0aa966270449561fcea2e3d6747b8d23efaa9d7832",
                "sha256:9fe5ea21568a0a70e50f273397638d39b03353731e6cbbb3fd8502a33fec40bc"
            ],
            "markers": "python_version >= '3.6'",
            "version": "==3.6.0"
        }
    }
}
